
Microsoft Visual Studio Solution File, Format Version 12.00
# Visual Studio Version 17
VisualStudioVersion = 17.13.35825.156 d17.13
MinimumVisualStudioVersion = 10.0.40219.1
Project("{FAE04EC0-301F-11D3-BF4B-00C04F79EFBC}") = "DymanicRolesBasedAuthorization", "DymanicRolesBasedAuthorization\DymanicRolesBasedAuthorization.csproj", "{9857B278-5C72-4662-9A8F-3722CFD6CAB8}"
EndProject
Global
	GlobalSection(SolutionConfigurationPlatforms) = preSolution
		Debug|Any CPU = Debug|Any CPU
		Release|Any CPU = Release|Any CPU
	EndGlobalSection
	GlobalSection(ProjectConfigurationPlatforms) = postSolution
		{9857B278-5C72-4662-9A8F-3722CFD6CAB8}.Debug|Any CPU.ActiveCfg = Debug|Any CPU
		{9857B278-5C72-4662-9A8F-3722CFD6CAB8}.Debug|Any CPU.Build.0 = Debug|Any CPU
		{9857B278-5C72-4662-9A8F-3722CFD6CAB8}.Release|Any CPU.ActiveCfg = Release|Any CPU
		{9857B278-5C72-4662-9A8F-3722CFD6CAB8}.Release|Any CPU.Build.0 = Release|Any CPU
	EndGlobalSection
	GlobalSection(SolutionProperties) = preSolution
		HideSolutionNode = FALSE
	EndGlobalSection
	GlobalSection(ExtensibilityGlobals) = postSolution
		SolutionGuid = {2D640D2F-EFEB-4B75-982D-AB4519C25ABA}
	EndGlobalSection
EndGlobal
